("quicklisp" .
 (:class qlot/source/dist:source-dist
  :initargs (:distribution "http://beta.quicklisp.org/dist/quicklisp.txt" :%version :latest)
  :version "2021-04-11"))
("utopian" .
 (:class qlot/source/git:source-git
  :initargs (:remote-url "git://github.com/fukamachi/utopian")
  :version "git-458b5f73cf7369cccd5dbc90c287d92d1f4ad9d0"))
("dist-updater" .
 (:class qlot/source/git:source-git
  :initargs (:remote-url "git://github.com/quickdocs/dist-updater")
  :version "git-a02c165b71adfa61b1cf75cba7654d9669f2de61"))
("apispec" .
 (:class qlot/source/git:source-git
  :initargs (:remote-url "git://github.com/cxxxr/apispec")
  :version "git-78f28ea8971a01728802c1b9831c371d85579c6d"))
("jzon" .
 (:class qlot/source/git:source-git
  :initargs (:remote-url "git://github.com/Zulu-Inuoe/jzon")
  :version "git-ee9f01919f229a40b91caf8601562dceee27f04d"))
("mito" .
 (:class qlot/source/git:source-git
  :initargs (:remote-url "git://github.com/fukamachi/mito")
  :version "git-6a23ed7c1b8bb3d52d03cd14b9df47a3efbf7fc1"))
