("quicklisp" .
 (:class qlot/source/dist:source-dist
  :initargs (:distribution "http://beta.quicklisp.org/dist/quicklisp.txt" :%version :latest)
  :version "2021-06-30"))
("utopian" .
 (:class qlot/source/git:source-git
  :initargs (:remote-url "git://github.com/fukamachi/utopian")
  :version "git-6648415e5710cce842451e585b818c87aad8f9a9"))
("dist-updater" .
 (:class qlot/source/git:source-git
  :initargs (:remote-url "git://github.com/quickdocs/dist-updater")
  :version "git-908089b7988468376dd0d4c1ccc9bd0d06ff3e74"))
("apispec" .
 (:class qlot/source/git:source-git
  :initargs (:remote-url "git://github.com/cxxxr/apispec" :branch "develop")
  :version "git-31da0cef7d1eb33e7f9967c12e3e2db5117b3532"))
("cl-openapi-parser" .
 (:class qlot/source/git:source-git
  :initargs (:remote-url "git://github.com/pokepay/cl-openapi-parser")
  :version "git-627bf959cdcbc90789045e3e235dadfe3b58d188"))
("jzon" .
 (:class qlot/source/git:source-git
  :initargs (:remote-url "git://github.com/Zulu-Inuoe/jzon")
  :version "git-ee9f01919f229a40b91caf8601562dceee27f04d"))
