("quicklisp" .
 (:class qlot/source/dist:source-dist
  :initargs (:distribution "http://beta.quicklisp.org/dist/quicklisp.txt" :%version :latest)
  :version "2021-06-30"))
("utopian" .
 (:class qlot/source/git:source-git
  :initargs (:remote-url "git://github.com/fukamachi/utopian")
  :version "git-6ae7e09bc541e8bf5173069aaf93850786c02f6a"))
("dist-updater" .
 (:class qlot/source/git:source-git
  :initargs (:remote-url "git://github.com/quickdocs/dist-updater")
  :version "git-a037fffb38b7f95ac498b704ba7e9d6da9f2e1b9"))
("apispec" .
 (:class qlot/source/git:source-git
  :initargs (:remote-url "git://github.com/cxxxr/apispec" :branch "develop")
  :version "git-31da0cef7d1eb33e7f9967c12e3e2db5117b3532"))
("cl-openapi-parser" .
 (:class qlot/source/git:source-git
  :initargs (:remote-url "git://github.com/pokepay/cl-openapi-parser")
  :version "git-627bf959cdcbc90789045e3e235dadfe3b58d188"))
("jzon" .
 (:class qlot/source/git:source-git
  :initargs (:remote-url "git://github.com/Zulu-Inuoe/jzon")
  :version "git-ee9f01919f229a40b91caf8601562dceee27f04d"))
